Microsoft Visual Studio Solution File, Format Version 7.00
Project("{8BC9CEB8-8B4A-11D0-8D11-00A0C91BC942}") = "Bomberman", "Bomberman\Bomberman.vcproj", "{CF0E1EDA-9BF5-4995-B6D9-AA07ED4BEB21}"
EndProject
Project("{8BC9CEB8-8B4A-11D0-8D11-00A0C91BC942}") = "RES", "RES\RES.vcproj", "{E8C3FF7A-C478-4173-970F-6B195606F77F}"
EndProject
Global
	GlobalSection(SolutionConfiguration) = preSolution
		ConfigName.0 = Debug
		ConfigName.1 = Release
	EndGlobalSection
	GlobalSection(ProjectDependencies) = postSolution
		{CF0E1EDA-9BF5-4995-B6D9-AA07ED4BEB21}.0 = {E8C3FF7A-C478-4173-970F-6B195606F77F}
	EndGlobalSection
	GlobalSection(ProjectConfiguration) = postSolution
		{CF0E1EDA-9BF5-4995-B6D9-AA07ED4BEB21}.Debug.ActiveCfg = Debug|Win32
		{CF0E1EDA-9BF5-4995-B6D9-AA07ED4BEB21}.Debug.Build.0 = Debug|Win32
		{CF0E1EDA-9BF5-4995-B6D9-AA07ED4BEB21}.Release.ActiveCfg = Release|Win32
		{CF0E1EDA-9BF5-4995-B6D9-AA07ED4BEB21}.Release.Build.0 = Release|Win32
		{E8C3FF7A-C478-4173-970F-6B195606F77F}.Debug.ActiveCfg = Debug|Win32
		{E8C3FF7A-C478-4173-970F-6B195606F77F}.Debug.Build.0 = Debug|Win32
		{E8C3FF7A-C478-4173-970F-6B195606F77F}.Release.ActiveCfg = Release|Win32
		{E8C3FF7A-C478-4173-970F-6B195606F77F}.Release.Build.0 = Release|Win32
	EndGlobalSection
	GlobalSection(ExtensibilityGlobals) = postSolution
	EndGlobalSection
	GlobalSection(ExtensibilityAddIns) = postSolution
	EndGlobalSection
EndGlobal
