<?xml version="1.0" encoding="utf-8"?>
<Project ToolsVersion="4.0" xmlns="http://schemas.microsoft.com/developer/msbuild/2003">
  <ItemGroup>
    <Filter Include="Source Files">
      <UniqueIdentifier>{4FC737F1-C7A5-4376-A066-2A32D752A2FF}</UniqueIdentifier>
      <Extensions>cpp;c;cc;cxx;def;odl;idl;hpj;bat;asm;asmx</Extensions>
    </Filter>
    <Filter Include="Header Files">
      <UniqueIdentifier>{93995380-89BD-4b04-88EB-625FBE52EBFB}</UniqueIdentifier>
      <Extensions>h;hh;hpp;hxx;hm;inl;inc;xsd</Extensions>
    </Filter>
    <Filter Include="Resource Files">
      <UniqueIdentifier>{67DA6AB6-F800-4c08-8B7A-83BB121AAD01}</UniqueIdentifier>
      <Extensions>rc;ico;cur;bmp;dlg;rc2;rct;bin;rgs;gif;jpg;jpeg;jpe;resx;tiff;tif;png;wav;mfcribbon-ms</Extensions>
    </Filter>
  </ItemGroup>
  <ItemGroup>
    <ClInclude Include="..\Bombermaaan\afxres.h">
      <Filter>Header Files</Filter>
    </ClInclude>
    <ClInclude Include="..\Bombermaaan\BombermaaanIco.h">
      <Filter>Header Files</Filter>
    </ClInclude>
    <ClInclude Include="..\Bombermaaan\CAiArena.h">
      <Filter>Header Files</Filter>
    </ClInclude>
    <ClInclude Include="..\Bombermaaan\CAiBomber.h">
      <Filter>Header Files</Filter>
    </ClInclude>
    <ClInclude Include="..\Bombermaaan\CAiManager.h">
      <Filter>Header Files</Filter>
    </ClInclude>
    <ClInclude Include="..\Bombermaaan\CArena.h">
      <Filter>Header Files</Filter>
    </ClInclude>
    <ClInclude Include="..\Bombermaaan\CArenaCloser.h">
      <Filter>Header Files</Filter>
    </ClInclude>
    <ClInclude Include="..\Bombermaaan\CArenaSnapshot.h">
      <Filter>Header Files</Filter>
    </ClInclude>
    <ClInclude Include="..\Bombermaaan\CBoard.h">
      <Filter>Header Files</Filter>
    </ClInclude>
    <ClInclude Include="..\Bombermaaan\CBomb.h">
      <Filter>Header Files</Filter>
    </ClInclude>
    <ClInclude Include="..\Bombermaaan\CBomber.h">
      <Filter>Header Files</Filter>
    </ClInclude>
    <ClInclude Include="..\Bombermaaan\CBomberMove.h">
      <Filter>Header Files</Filter>
    </ClInclude>
    <ClInclude Include="..\Bombermaaan\CClock.h">
      <Filter>Header Files</Filter>
    </ClInclude>
    <ClInclude Include="..\Bombermaaan\CCloudManager.h">
      <Filter>Header Files</Filter>
    </ClInclude>
    <ClInclude Include="..\Bombermaaan\CCommandChunk.h">
      <Filter>Header Files</Filter>
    </ClInclude>
    <ClInclude Include="..\Bombermaaan\CConsole.h">
      <Filter>Header Files</Filter>
    </ClInclude>
    <ClInclude Include="..\Bombermaaan\CControls.h">
      <Filter>Header Files</Filter>
    </ClInclude>
    <ClInclude Include="..\Bombermaaan\CDebug.h">
      <Filter>Header Files</Filter>
    </ClInclude>
    <ClInclude Include="..\Bombermaaan\CDemo.h">
      <Filter>Header Files</Filter>
    </ClInclude>
    <ClInclude Include="..\Bombermaaan\CDirectDraw.h">
      <Filter>Header Files</Filter>
    </ClInclude>
    <ClInclude Include="..\Bombermaaan\CDirectInput.h">
      <Filter>Header Files</Filter>
    </ClInclude>
    <ClInclude Include="..\Bombermaaan\CDisplay.h">
      <Filter>Header Files</Filter>
    </ClInclude>
    <ClInclude Include="..\Bombermaaan\CDrawGame.h">
      <Filter>Header Files</Filter>
    </ClInclude>
    <ClInclude Include="..\Bombermaaan\CElement.h">
      <Filter>Header Files</Filter>
    </ClInclude>
    <ClInclude Include="..\Bombermaaan\CExplosion.h">
      <Filter>Header Files</Filter>
    </ClInclude>
    <ClInclude Include="..\Bombermaaan\CFloor.h">
      <Filter>Header Files</Filter>
    </ClInclude>
    <ClInclude Include="..\Bombermaaan\CFont.h">
      <Filter>Header Files</Filter>
    </ClInclude>
    <ClInclude Include="..\Bombermaaan\CGame.h">
      <Filter>Header Files</Filter>
    </ClInclude>
    <ClInclude Include="..\Bombermaaan\CHurryMessage.h">
      <Filter>Header Files</Filter>
    </ClInclude>
    <ClInclude Include="..\Bombermaaan\CInput.h">
      <Filter>Header Files</Filter>
    </ClInclude>
    <ClInclude Include="..\Bombermaaan\CItem.h">
      <Filter>Header Files</Filter>
    </ClInclude>
    <ClInclude Include="..\Bombermaaan\CLog.h">
      <Filter>Header Files</Filter>
    </ClInclude>
    <ClInclude Include="..\Bombermaaan\CMainInput.h">
      <Filter>Header Files</Filter>
    </ClInclude>
    <ClInclude Include="..\Bombermaaan\CMatch.h">
      <Filter>Header Files</Filter>
    </ClInclude>
    <ClInclude Include="..\Bombermaaan\CMenu.h">
      <Filter>Header Files</Filter>
    </ClInclude>
    <ClInclude Include="..\Bombermaaan\CMenuBase.h">
      <Filter>Header Files</Filter>
    </ClInclude>
    <ClInclude Include="..\Bombermaaan\CMenuBomber.h">
      <Filter>Header Files</Filter>
    </ClInclude>
    <ClInclude Include="..\Bombermaaan\CMenuInput.h">
      <Filter>Header Files</Filter>
    </ClInclude>
    <ClInclude Include="..\Bombermaaan\CMenuLevel.h">
      <Filter>Header Files</Filter>
    </ClInclude>
    <ClInclude Include="..\Bombermaaan\CMenuMatch.h">
      <Filter>Header Files</Filter>
    </ClInclude>
    <ClInclude Include="..\Bombermaaan\CMenuYesNo.h">
      <Filter>Header Files</Filter>
    </ClInclude>
    <ClInclude Include="..\Bombermaaan\CModeScreen.h">
      <Filter>Header Files</Filter>
    </ClInclude>
    <ClInclude Include="..\Bombermaaan\CMosaic.h">
      <Filter>Header Files</Filter>
    </ClInclude>
    <ClInclude Include="..\Bombermaaan\COptions.h">
      <Filter>Header Files</Filter>
    </ClInclude>
    <ClInclude Include="..\Bombermaaan\CPauseMessage.h">
      <Filter>Header Files</Filter>
    </ClInclude>
    <ClInclude Include="..\Bombermaaan\CPlayerInput.h">
      <Filter>Header Files</Filter>
    </ClInclude>
    <ClInclude Include="..\Bombermaaan\CRandomMosaic.h">
      <Filter>Header Files</Filter>
    </ClInclude>
    <ClInclude Include="..\Bombermaaan\CScores.h">
      <Filter>Header Files</Filter>
    </ClInclude>
    <ClInclude Include="..\Bombermaaan\CScroller.h">
      <Filter>Header Files</Filter>
    </ClInclude>
    <ClInclude Include="..\Bombermaaan\CSDLInput.h">
      <Filter>Header Files</Filter>
    </ClInclude>
    <ClInclude Include="..\Bombermaaan\CSDLVideo.h">
      <Filter>Header Files</Filter>
    </ClInclude>
    <ClInclude Include="..\Bombermaaan\CSound.h">
      <Filter>Header Files</Filter>
    </ClInclude>
    <ClInclude Include="..\Bombermaaan\CTimer.h">
      <Filter>Header Files</Filter>
    </ClInclude>
    <ClInclude Include="..\Bombermaaan\CTitle.h">
      <Filter>Header Files</Filter>
    </ClInclude>
    <ClInclude Include="..\Bombermaaan\CVictory.h">
      <Filter>Header Files</Filter>
    </ClInclude>
    <ClInclude Include="..\Bombermaaan\CWall.h">
      <Filter>Header Files</Filter>
    </ClInclude>
    <ClInclude Include="..\Bombermaaan\CWindow.h">
      <Filter>Header Files</Filter>
    </ClInclude>
    <ClInclude Include="..\Bombermaaan\CWinner.h">
      <Filter>Header Files</Filter>
    </ClInclude>
    <ClInclude Include="..\Bombermaaan\RESOURCE.H">
      <Filter>Header Files</Filter>
    </ClInclude>
    <ClInclude Include="..\Bombermaaan\STDAFX.H">
      <Filter>Header Files</Filter>
    </ClInclude>
    <ClInclude Include="..\Bombermaaan\winres.h">
      <Filter>Header Files</Filter>
    </ClInclude>
  </ItemGroup>
  <ItemGroup>
    <ClCompile Include="..\Bombermaaan\CAiArena.cpp">
      <Filter>Source Files</Filter>
    </ClCompile>
    <ClCompile Include="..\Bombermaaan\CAiBomber.cpp">
      <Filter>Source Files</Filter>
    </ClCompile>
    <ClCompile Include="..\Bombermaaan\CAiManager.cpp">
      <Filter>Source Files</Filter>
    </ClCompile>
    <ClCompile Include="..\Bombermaaan\CArena.cpp">
      <Filter>Source Files</Filter>
    </ClCompile>
    <ClCompile Include="..\Bombermaaan\CArenaCloser.cpp">
      <Filter>Source Files</Filter>
    </ClCompile>
    <ClCompile Include="..\Bombermaaan\CArenaSnapshot.cpp">
      <Filter>Source Files</Filter>
    </ClCompile>
    <ClCompile Include="..\Bombermaaan\CBoard.cpp">
      <Filter>Source Files</Filter>
    </ClCompile>
    <ClCompile Include="..\Bombermaaan\CBomb.cpp">
      <Filter>Source Files</Filter>
    </ClCompile>
    <ClCompile Include="..\Bombermaaan\CBomber.cpp">
      <Filter>Source Files</Filter>
    </ClCompile>
    <ClCompile Include="..\Bombermaaan\CBomberMove.cpp">
      <Filter>Source Files</Filter>
    </ClCompile>
    <ClCompile Include="..\Bombermaaan\CClock.cpp">
      <Filter>Source Files</Filter>
    </ClCompile>
    <ClCompile Include="..\Bombermaaan\CCloudManager.cpp">
      <Filter>Source Files</Filter>
    </ClCompile>
    <ClCompile Include="..\Bombermaaan\CCommandChunk.cpp">
      <Filter>Source Files</Filter>
    </ClCompile>
    <ClCompile Include="..\Bombermaaan\CConsole.cpp">
      <Filter>Source Files</Filter>
    </ClCompile>
    <ClCompile Include="..\Bombermaaan\CControls.cpp">
      <Filter>Source Files</Filter>
    </ClCompile>
    <ClCompile Include="..\Bombermaaan\CDebug.cpp">
      <Filter>Source Files</Filter>
    </ClCompile>
    <ClCompile Include="..\Bombermaaan\CDemo.cpp">
      <Filter>Source Files</Filter>
    </ClCompile>
    <ClCompile Include="..\Bombermaaan\CDirectDraw.cpp">
      <Filter>Source Files</Filter>
    </ClCompile>
    <ClCompile Include="..\Bombermaaan\CDirectInput.cpp">
      <Filter>Source Files</Filter>
    </ClCompile>
    <ClCompile Include="..\Bombermaaan\CDisplay.cpp">
      <Filter>Source Files</Filter>
    </ClCompile>
    <ClCompile Include="..\Bombermaaan\CDrawGame.cpp">
      <Filter>Source Files</Filter>
    </ClCompile>
    <ClCompile Include="..\Bombermaaan\CElement.cpp">
      <Filter>Source Files</Filter>
    </ClCompile>
    <ClCompile Include="..\Bombermaaan\CExplosion.cpp">
      <Filter>Source Files</Filter>
    </ClCompile>
    <ClCompile Include="..\Bombermaaan\CFloor.cpp">
      <Filter>Source Files</Filter>
    </ClCompile>
    <ClCompile Include="..\Bombermaaan\CFont.cpp">
      <Filter>Source Files</Filter>
    </ClCompile>
    <ClCompile Include="..\Bombermaaan\CGame.cpp">
      <Filter>Source Files</Filter>
    </ClCompile>
    <ClCompile Include="..\Bombermaaan\CHurryMessage.cpp">
      <Filter>Source Files</Filter>
    </ClCompile>
    <ClCompile Include="..\Bombermaaan\CInput.cpp">
      <Filter>Source Files</Filter>
    </ClCompile>
    <ClCompile Include="..\Bombermaaan\CItem.cpp">
      <Filter>Source Files</Filter>
    </ClCompile>
    <ClCompile Include="..\Bombermaaan\CLog.cpp">
      <Filter>Source Files</Filter>
    </ClCompile>
    <ClCompile Include="..\Bombermaaan\CMainInput.cpp">
      <Filter>Source Files</Filter>
    </ClCompile>
    <ClCompile Include="..\Bombermaaan\CMatch.cpp">
      <Filter>Source Files</Filter>
    </ClCompile>
    <ClCompile Include="..\Bombermaaan\CMenu.cpp">
      <Filter>Source Files</Filter>
    </ClCompile>
    <ClCompile Include="..\Bombermaaan\CMenuBase.cpp">
      <Filter>Source Files</Filter>
    </ClCompile>
    <ClCompile Include="..\Bombermaaan\CMenuBomber.cpp">
      <Filter>Source Files</Filter>
    </ClCompile>
    <ClCompile Include="..\Bombermaaan\CMenuInput.cpp">
      <Filter>Source Files</Filter>
    </ClCompile>
    <ClCompile Include="..\Bombermaaan\CMenuLevel.cpp">
      <Filter>Source Files</Filter>
    </ClCompile>
    <ClCompile Include="..\Bombermaaan\CMenuMatch.cpp">
      <Filter>Source Files</Filter>
    </ClCompile>
    <ClCompile Include="..\Bombermaaan\CMenuYesNo.cpp">
      <Filter>Source Files</Filter>
    </ClCompile>
    <ClCompile Include="..\Bombermaaan\CModeScreen.cpp">
      <Filter>Source Files</Filter>
    </ClCompile>
    <ClCompile Include="..\Bombermaaan\CMosaic.cpp">
      <Filter>Source Files</Filter>
    </ClCompile>
    <ClCompile Include="..\Bombermaaan\COptions.cpp">
      <Filter>Source Files</Filter>
    </ClCompile>
    <ClCompile Include="..\Bombermaaan\CPauseMessage.cpp">
      <Filter>Source Files</Filter>
    </ClCompile>
    <ClCompile Include="..\Bombermaaan\CPlayerInput.cpp">
      <Filter>Source Files</Filter>
    </ClCompile>
    <ClCompile Include="..\Bombermaaan\CRandomMosaic.cpp">
      <Filter>Source Files</Filter>
    </ClCompile>
    <ClCompile Include="..\Bombermaaan\CScores.cpp">
      <Filter>Source Files</Filter>
    </ClCompile>
    <ClCompile Include="..\Bombermaaan\CScroller.cpp">
      <Filter>Source Files</Filter>
    </ClCompile>
    <ClCompile Include="..\Bombermaaan\CSDLInput.cpp">
      <Filter>Source Files</Filter>
    </ClCompile>
    <ClCompile Include="..\Bombermaaan\CSDLVideo.cpp">
      <Filter>Source Files</Filter>
    </ClCompile>
    <ClCompile Include="..\Bombermaaan\CSound.cpp">
      <Filter>Source Files</Filter>
    </ClCompile>
    <ClCompile Include="..\Bombermaaan\CTitle.cpp">
      <Filter>Source Files</Filter>
    </ClCompile>
    <ClCompile Include="..\Bombermaaan\CVictory.cpp">
      <Filter>Source Files</Filter>
    </ClCompile>
    <ClCompile Include="..\Bombermaaan\CWall.cpp">
      <Filter>Source Files</Filter>
    </ClCompile>
    <ClCompile Include="..\Bombermaaan\CWindow.cpp">
      <Filter>Source Files</Filter>
    </ClCompile>
    <ClCompile Include="..\Bombermaaan\CWinner.cpp">
      <Filter>Source Files</Filter>
    </ClCompile>
    <ClCompile Include="..\Bombermaaan\STDAFX.CPP">
      <Filter>Source Files</Filter>
    </ClCompile>
    <ClCompile Include="..\Bombermaaan\WinMain.cpp">
      <Filter>Source Files</Filter>
    </ClCompile>
    <ClCompile Include="..\third-party\tinyxml\tinystr.cpp">
      <Filter>Source Files</Filter>
    </ClCompile>
    <ClCompile Include="..\third-party\tinyxml\tinyxml.cpp">
      <Filter>Source Files</Filter>
    </ClCompile>
    <ClCompile Include="..\third-party\tinyxml\tinyxmlerror.cpp">
      <Filter>Source Files</Filter>
    </ClCompile>
    <ClCompile Include="..\third-party\tinyxml\tinyxmlparser.cpp">
      <Filter>Source Files</Filter>
    </ClCompile>
  </ItemGroup>
  <ItemGroup>
    <ResourceCompile Include="..\Bombermaaan\Bombermaaan.rc">
      <Filter>Resource Files</Filter>
    </ResourceCompile>
  </ItemGroup>
</Project>